
Microsoft Visual Studio Solution File, Format Version 12.00
# Visual Studio 15
VisualStudioVersion = 15.0.26730.15
MinimumVisualStudioVersion = 10.0.40219.1
Project("{8BC9CEB8-8B4A-11D0-8D11-00A0C91BC942}") = "111044014", "111044014\111044014.vcxproj", "{60F7D9E0-34F8-44D5-A38E-A156F819DFDA}"
EndProject
Global
	GlobalSection(SolutionConfigurationPlatforms) = preSolution
		Debug|x64 = Debug|x64
		Debug|x86 = Debug|x86
		Release|x64 = Release|x64
		Release|x86 = Release|x86
	EndGlobalSection
	GlobalSection(ProjectConfigurationPlatforms) = postSolution
		{60F7D9E0-34F8-44D5-A38E-A156F819DFDA}.Debug|x64.ActiveCfg = Debug|x64
		{60F7D9E0-34F8-44D5-A38E-A156F819DFDA}.Debug|x64.Build.0 = Debug|x64
		{60F7D9E0-34F8-44D5-A38E-A156F819DFDA}.Debug|x86.ActiveCfg = Debug|Win32
		{60F7D9E0-34F8-44D5-A38E-A156F819DFDA}.Debug|x86.Build.0 = Debug|Win32
		{60F7D9E0-34F8-44D5-A38E-A156F819DFDA}.Release|x64.ActiveCfg = Release|x64
		{60F7D9E0-34F8-44D5-A38E-A156F819DFDA}.Release|x64.Build.0 = Release|x64
		{60F7D9E0-34F8-44D5-A38E-A156F819DFDA}.Release|x86.ActiveCfg = Release|Win32
		{60F7D9E0-34F8-44D5-A38E-A156F819DFDA}.Release|x86.Build.0 = Release|Win32
	EndGlobalSection
	GlobalSection(SolutionProperties) = preSolution
		HideSolutionNode = FALSE
	EndGlobalSection
	GlobalSection(ExtensibilityGlobals) = postSolution
		SolutionGuid = {2A0206F6-6475-466C-824B-A36048EE6034}
	EndGlobalSection
EndGlobal
